
Microsoft Visual Studio Solution File, Format Version 12.00
# Visual Studio 15
VisualStudioVersion = 15.0.26124.0
MinimumVisualStudioVersion = 15.0.26124.0
Project("{FAE04EC0-301F-11D3-BF4B-00C04F79EFBC}") = "API", "API\API.csproj", "{3686BAA8-01DC-4FA0-A143-EA193D04C5D0}"
EndProject
Project("{FAE04EC0-301F-11D3-BF4B-00C04F79EFBC}") = "Application", "Application\Application.csproj", "{9D457916-3163-474D-A195-B6C19D388FFE}"
EndProject
Project("{FAE04EC0-301F-11D3-BF4B-00C04F79EFBC}") = "Persistence", "Persistence\Persistence.csproj", "{3696995B-1129-4374-B8B9-DEAAD35AD729}"
EndProject
Project("{FAE04EC0-301F-11D3-BF4B-00C04F79EFBC}") = "Domain", "Domain\Domain.csproj", "{06869D6D-BE57-4BB1-AFBA-107975F2A230}"
EndProject
Global
	GlobalSection(SolutionConfigurationPlatforms) = preSolution
		Debug|Any CPU = Debug|Any CPU
		Debug|x64 = Debug|x64
		Debug|x86 = Debug|x86
		Release|Any CPU = Release|Any CPU
		Release|x64 = Release|x64
		Release|x86 = Release|x86
	EndGlobalSection
	GlobalSection(SolutionProperties) = preSolution
		HideSolutionNode = FALSE
	EndGlobalSection
	GlobalSection(ProjectConfigurationPlatforms) = postSolution
		{3686BAA8-01DC-4FA0-A143-EA193D04C5D0}.Debug|Any CPU.ActiveCfg = Debug|Any CPU
		{3686BAA8-01DC-4FA0-A143-EA193D04C5D0}.Debug|Any CPU.Build.0 = Debug|Any CPU
		{3686BAA8-01DC-4FA0-A143-EA193D04C5D0}.Debug|x64.ActiveCfg = Debug|Any CPU
		{3686BAA8-01DC-4FA0-A143-EA193D04C5D0}.Debug|x64.Build.0 = Debug|Any CPU
		{3686BAA8-01DC-4FA0-A143-EA193D04C5D0}.Debug|x86.ActiveCfg = Debug|Any CPU
		{3686BAA8-01DC-4FA0-A143-EA193D04C5D0}.Debug|x86.Build.0 = Debug|Any CPU
		{3686BAA8-01DC-4FA0-A143-EA193D04C5D0}.Release|Any CPU.ActiveCfg = Release|Any CPU
		{3686BAA8-01DC-4FA0-A143-EA193D04C5D0}.Release|Any CPU.Build.0 = Release|Any CPU
		{3686BAA8-01DC-4FA0-A143-EA193D04C5D0}.Release|x64.ActiveCfg = Release|Any CPU
		{3686BAA8-01DC-4FA0-A143-EA193D04C5D0}.Release|x64.Build.0 = Release|Any CPU
		{3686BAA8-01DC-4FA0-A143-EA193D04C5D0}.Release|x86.ActiveCfg = Release|Any CPU
		{3686BAA8-01DC-4FA0-A143-EA193D04C5D0}.Release|x86.Build.0 = Release|Any CPU
		{9D457916-3163-474D-A195-B6C19D388FFE}.Debug|Any CPU.ActiveCfg = Debug|Any CPU
		{9D457916-3163-474D-A195-B6C19D388FFE}.Debug|Any CPU.Build.0 = Debug|Any CPU
		{9D457916-3163-474D-A195-B6C19D388FFE}.Debug|x64.ActiveCfg = Debug|Any CPU
		{9D457916-3163-474D-A195-B6C19D388FFE}.Debug|x64.Build.0 = Debug|Any CPU
		{9D457916-3163-474D-A195-B6C19D388FFE}.Debug|x86.ActiveCfg = Debug|Any CPU
		{9D457916-3163-474D-A195-B6C19D388FFE}.Debug|x86.Build.0 = Debug|Any CPU
		{9D457916-3163-474D-A195-B6C19D388FFE}.Release|Any CPU.ActiveCfg = Release|Any CPU
		{9D457916-3163-474D-A195-B6C19D388FFE}.Release|Any CPU.Build.0 = Release|Any CPU
		{9D457916-3163-474D-A195-B6C19D388FFE}.Release|x64.ActiveCfg = Release|Any CPU
		{9D457916-3163-474D-A195-B6C19D388FFE}.Release|x64.Build.0 = Release|Any CPU
		{9D457916-3163-474D-A195-B6C19D388FFE}.Release|x86.ActiveCfg = Release|Any CPU
		{9D457916-3163-474D-A195-B6C19D388FFE}.Release|x86.Build.0 = Release|Any CPU
		{3696995B-1129-4374-B8B9-DEAAD35AD729}.Debug|Any CPU.ActiveCfg = Debug|Any CPU
		{3696995B-1129-4374-B8B9-DEAAD35AD729}.Debug|Any CPU.Build.0 = Debug|Any CPU
		{3696995B-1129-4374-B8B9-DEAAD35AD729}.Debug|x64.ActiveCfg = Debug|Any CPU
		{3696995B-1129-4374-B8B9-DEAAD35AD729}.Debug|x64.Build.0 = Debug|Any CPU
		{3696995B-1129-4374-B8B9-DEAAD35AD729}.Debug|x86.ActiveCfg = Debug|Any CPU
		{3696995B-1129-4374-B8B9-DEAAD35AD729}.Debug|x86.Build.0 = Debug|Any CPU
		{3696995B-1129-4374-B8B9-DEAAD35AD729}.Release|Any CPU.ActiveCfg = Release|Any CPU
		{3696995B-1129-4374-B8B9-DEAAD35AD729}.Release|Any CPU.Build.0 = Release|Any CPU
		{3696995B-1129-4374-B8B9-DEAAD35AD729}.Release|x64.ActiveCfg = Release|Any CPU
		{3696995B-1129-4374-B8B9-DEAAD35AD729}.Release|x64.Build.0 = Release|Any CPU
		{3696995B-1129-4374-B8B9-DEAAD35AD729}.Release|x86.ActiveCfg = Release|Any CPU
		{3696995B-1129-4374-B8B9-DEAAD35AD729}.Release|x86.Build.0 = Release|Any CPU
		{06869D6D-BE57-4BB1-AFBA-107975F2A230}.Debug|Any CPU.ActiveCfg = Debug|Any CPU
		{06869D6D-BE57-4BB1-AFBA-107975F2A230}.Debug|Any CPU.Build.0 = Debug|Any CPU
		{06869D6D-BE57-4BB1-AFBA-107975F2A230}.Debug|x64.ActiveCfg = Debug|Any CPU
		{06869D6D-BE57-4BB1-AFBA-107975F2A230}.Debug|x64.Build.0 = Debug|Any CPU
		{06869D6D-BE57-4BB1-AFBA-107975F2A230}.Debug|x86.ActiveCfg = Debug|Any CPU
		{06869D6D-BE57-4BB1-AFBA-107975F2A230}.Debug|x86.Build.0 = Debug|Any CPU
		{06869D6D-BE57-4BB1-AFBA-107975F2A230}.Release|Any CPU.ActiveCfg = Release|Any CPU
		{06869D6D-BE57-4BB1-AFBA-107975F2A230}.Release|Any CPU.Build.0 = Release|Any CPU
		{06869D6D-BE57-4BB1-AFBA-107975F2A230}.Release|x64.ActiveCfg = Release|Any CPU
		{06869D6D-BE57-4BB1-AFBA-107975F2A230}.Release|x64.Build.0 = Release|Any CPU
		{06869D6D-BE57-4BB1-AFBA-107975F2A230}.Release|x86.ActiveCfg = Release|Any CPU
		{06869D6D-BE57-4BB1-AFBA-107975F2A230}.Release|x86.Build.0 = Release|Any CPU
	EndGlobalSection
EndGlobal
